{
  "name": "web-native",
  "lockfileVersion": 3,
  "requires": true,
  "packages": {
    "": {
      "dependencies": {
        "@github/relative-time-element": "^4.5.0",
        "microlight": "^0.0.7"
      }
    },
    "node_modules/@github/relative-time-element": {
      "version": "4.5.0",
      "resolved": "https://registry.npmjs.org/@github/relative-time-element/-/relative-time-element-4.5.0.tgz",
      "integrity": "sha512-zKC/tUHeDDdbODBuZh3CkT5pCy41M8mGuUplzhtBMuiEQ5+qY/l/iu0X1IBY/6QhNeP/xdQIVkLYKh2O5En4dg==",
      "license": "MIT"
    },
    "node_modules/microlight": {
      "version": "0.0.7",
      "resolved": "https://registry.npmjs.org/microlight/-/microlight-0.0.7.tgz",
      "integrity": "sha512-kigwsJYoy4mAMkGZpS839/KZ5WWQQm4TzD+eIjR5leS5H0j+EhExvK0Z2Or2ewkBR/t7/AHHhxRyeXi1kurG0g==",
      "engines": {
        "node": "*"
      }
    }
  }
}
